# This file is automatically @generated by Cargo.
# It is not intended for manual editing.
version = 4

[[package]]
name = "runtime-local"
version = "0.1.0"
dependencies = [
 "tpx-runtime",
]

[[package]]
name = "runtime-oci"
version = "0.1.0"
dependencies = [
 "tpx-runtime",
]

[[package]]
name = "runtime-script"
version = "0.1.0"
dependencies = [
 "tpx-runtime",
]

[[package]]
name = "tpx-cli"
version = "0.1.0"
dependencies = [
 "tpx-core",
]

[[package]]
name = "tpx-core"
version = "0.1.0"

[[package]]
name = "tpx-parser"
version = "0.1.0"

[[package]]
name = "tpx-runtime"
version = "0.1.0"

[[package]]
name = "tpx-shim"
version = "0.1.0"

[[package]]
name = "tpx-store"
version = "0.1.0"

[[package]]
name = "tpx-tests"
version = "0.1.0"
dependencies = [
 "runtime-local",
 "runtime-oci",
 "runtime-script",
 "tpx-core",
 "tpx-runtime",
]

[[package]]
name = "tpx-workspace"
version = "0.1.0"
